<?xml version="1.0" encoding="utf-8"?>
<Project ToolsVersion="4.0" xmlns="http://schemas.microsoft.com/developer/msbuild/2003">
  <ItemGroup>
    <Filter Include="소스 파일">
      <UniqueIdentifier>{4FC737F1-C7A5-4376-A066-2A32D752A2FF}</UniqueIdentifier>
      <Extensions>cpp;c;cc;cxx;c++;cppm;ixx;def;odl;idl;hpj;bat;asm;asmx</Extensions>
    </Filter>
    <Filter Include="헤더 파일">
      <UniqueIdentifier>{93995380-89BD-4b04-88EB-625FBE52EBFB}</UniqueIdentifier>
      <Extensions>h;hh;hpp;hxx;h++;hm;inl;inc;ipp;xsd</Extensions>
    </Filter>
    <Filter Include="리소스 파일">
      <UniqueIdentifier>{67DA6AB6-F800-4c08-8B7A-83BB121AAD01}</UniqueIdentifier>
      <Extensions>rc;ico;cur;bmp;dlg;rc2;rct;bin;rgs;gif;jpg;jpeg;jpe;resx;tiff;tif;png;wav;mfcribbon-ms</Extensions>
    </Filter>
    <Filter Include="헤더 파일\Terrain">
      <UniqueIdentifier>{96d68750-4145-41bf-af3d-17c65d078a85}</UniqueIdentifier>
    </Filter>
    <Filter Include="소스 파일\Terrain">
      <UniqueIdentifier>{7b2c6b83-d2c7-4487-8338-b5347a8af583}</UniqueIdentifier>
    </Filter>
    <Filter Include="소스 파일\Shared">
      <UniqueIdentifier>{9eea1feb-ab6d-4d0a-b9d6-e6bf177819e2}</UniqueIdentifier>
    </Filter>
    <Filter Include="헤더 파일\Shared">
      <UniqueIdentifier>{7336628c-6e19-4061-b2ff-6c16c9b598a4}</UniqueIdentifier>
    <Filter Include="소스 파일\Core">
      <UniqueIdentifier>{c214586f-03b0-4752-8a44-470e969b5ee7}</UniqueIdentifier>
    </Filter>
    <Filter Include="소스 파일\Network">
      <UniqueIdentifier>{b7e1278a-bfb9-4c19-8468-39dd18b10131}</UniqueIdentifier>
    </Filter>
    <Filter Include="헤더 파일\Core">
      <UniqueIdentifier>{83e03f3b-d2b5-4766-a507-c33aa0bfc886}</UniqueIdentifier>
    </Filter>
    <Filter Include="헤더 파일\Network">
      <UniqueIdentifier>{4d501f04-0515-4d7e-a150-14c2523d5723}</UniqueIdentifier>
    </Filter>
    <Filter Include="헤더 파일\Config">
      <UniqueIdentifier>{d0424e2d-480c-4e2e-9747-7b9c54428d13}</UniqueIdentifier>
    </Filter>
    <Filter Include="소스 파일\Config">
      <UniqueIdentifier>{21bd7537-1c76-42a8-8385-1ceeb56b5197}</UniqueIdentifier>
    </Filter>
  </ItemGroup>
  <ItemGroup>
    <ClCompile Include="src\Main.cpp">
      <Filter>소스 파일</Filter>
    </ClCompile>
    <ClCompile Include="src\Pch.cpp">
      <Filter>소스 파일</Filter>
    </ClCompile>
    <ClCompile Include="src\Core\Server.cpp">
      <Filter>소스 파일\Core</Filter>
    </ClCompile>
    <ClCompile Include="src\Core\Session.cpp">
      <Filter>소스 파일\Core</Filter>
    </ClCompile>
    <ClCompile Include="src\Network\PacketHandler.cpp">
      <Filter>소스 파일\Network</Filter>
    </ClCompile>
    <ClCompile Include="src\Terrain\ServerTerrain.cpp">
      <Filter>소스 파일\Terrain</Filter>
    </ClCompile>
  </ItemGroup>
  <ItemGroup>
<<<<<<< HEAD
    <ClInclude Include="src\Core\Server.h">
      <Filter>헤더 파일</Filter>
    </ClInclude>
    <ClInclude Include="src\Config\ServerConfig.h">
      <Filter>헤더 파일</Filter>
    </ClInclude>
    <ClInclude Include="src\Core\Session.h">
      <Filter>헤더 파일</Filter>
    </ClInclude>
=======
>>>>>>> origin/develop
    <ClInclude Include="src\Pch.h">
      <Filter>헤더 파일</Filter>
    </ClInclude>
    <ClInclude Include="src\Core\Server.h">
      <Filter>헤더 파일\Core</Filter>
    </ClInclude>
    <ClInclude Include="src\Core\Session.h">
      <Filter>헤더 파일\Core</Filter>
    </ClInclude>
    <ClInclude Include="src\Network\PacketHandler.h">
      <Filter>헤더 파일\Network</Filter>
    </ClInclude>
    <ClInclude Include="..\..\Shared\protocol.h">
      <Filter>헤더 파일\Network</Filter>
    </ClInclude>
    <ClInclude Include="src\Config\ServerConfig.h">
      <Filter>헤더 파일\Config</Filter>
    </ClInclude>
    <ClInclude Include="ServerTerrain.h">
      <Filter>헤더 파일\Terrain</Filter>
    </ClInclude>
    <ClInclude Include="..\..\Shared\protocol.h">
      <Filter>헤더 파일\Shared</Filter>
    </ClInclude>
    <ClInclude Include="..\..\Shared\Terrain\TerrainConfig.h">
      <Filter>헤더 파일\Shared</Filter>
    </ClInclude>
  </ItemGroup>
</Project>
